
Microsoft Visual Studio Solution File, Format Version 12.00
# Visual Studio 2013
VisualStudioVersion = 12.0.40629.0
MinimumVisualStudioVersion = 10.0.40219.1
Project("{FAE04EC0-301F-11D3-BF4B-00C04F79EFBC}") = "WcfMock", "WcfMock\WcfMock.csproj", "{93ABA992-F1BF-4F9C-ACB3-3A93A84919F7}"
EndProject
Project("{FAE04EC0-301F-11D3-BF4B-00C04F79EFBC}") = "SampleService", "SampleService\SampleService.csproj", "{12558D5A-0385-4127-8BEF-D5FB82AEC437}"
EndProject
Project("{FAE04EC0-301F-11D3-BF4B-00C04F79EFBC}") = "SampleService.Tests", "SampleService.Tests\SampleService.Tests.csproj", "{A5BF3531-1140-4E56-9ABE-271C73DE9FD1}"
EndProject
Global
	GlobalSection(TeamFoundationVersionControl) = preSolution
		SccNumberOfProjects = 4
		SccEnterpriseProvider = {4CA58AB2-18FA-4F8D-95D4-32DDF27D184C}
		SccTeamFoundationServer = http://tfs.bps.epn.local:8080/tfs/bpsprojects
		SccLocalPath0 = .
		SccProjectUniqueName1 = SampleService.Tests\\SampleService.Tests.csproj
		SccProjectName1 = SampleService.Tests
		SccLocalPath1 = SampleService.Tests
		SccProjectUniqueName2 = SampleService\\SampleService.csproj
		SccProjectName2 = SampleService
		SccLocalPath2 = SampleService
		SccProjectUniqueName3 = WcfMock\\WcfMock.csproj
		SccProjectName3 = WcfMock
		SccLocalPath3 = WcfMock
	EndGlobalSection
	GlobalSection(SolutionConfigurationPlatforms) = preSolution
		Debug|Any CPU = Debug|Any CPU
		Release|Any CPU = Release|Any CPU
	EndGlobalSection
	GlobalSection(ProjectConfigurationPlatforms) = postSolution
		{93ABA992-F1BF-4F9C-ACB3-3A93A84919F7}.Debug|Any CPU.ActiveCfg = Debug|Any CPU
		{93ABA992-F1BF-4F9C-ACB3-3A93A84919F7}.Debug|Any CPU.Build.0 = Debug|Any CPU
		{93ABA992-F1BF-4F9C-ACB3-3A93A84919F7}.Release|Any CPU.ActiveCfg = Release|Any CPU
		{93ABA992-F1BF-4F9C-ACB3-3A93A84919F7}.Release|Any CPU.Build.0 = Release|Any CPU
		{12558D5A-0385-4127-8BEF-D5FB82AEC437}.Debug|Any CPU.ActiveCfg = Debug|Any CPU
		{12558D5A-0385-4127-8BEF-D5FB82AEC437}.Debug|Any CPU.Build.0 = Debug|Any CPU
		{12558D5A-0385-4127-8BEF-D5FB82AEC437}.Release|Any CPU.ActiveCfg = Release|Any CPU
		{12558D5A-0385-4127-8BEF-D5FB82AEC437}.Release|Any CPU.Build.0 = Release|Any CPU
		{A5BF3531-1140-4E56-9ABE-271C73DE9FD1}.Debug|Any CPU.ActiveCfg = Debug|Any CPU
		{A5BF3531-1140-4E56-9ABE-271C73DE9FD1}.Debug|Any CPU.Build.0 = Debug|Any CPU
		{A5BF3531-1140-4E56-9ABE-271C73DE9FD1}.Release|Any CPU.ActiveCfg = Release|Any CPU
		{A5BF3531-1140-4E56-9ABE-271C73DE9FD1}.Release|Any CPU.Build.0 = Release|Any CPU
	EndGlobalSection
	GlobalSection(SolutionProperties) = preSolution
		HideSolutionNode = FALSE
	EndGlobalSection
EndGlobal
